
Microsoft Visual Studio Solution File, Format Version 12.00
# Visual Studio Version 17
VisualStudioVersion = 17.4.33110.190
MinimumVisualStudioVersion = 10.0.40219.1
Project("{9A19103F-16F7-4668-BE54-9A1E7A4F7556}") = "InventoryMg.API", "InventoryMg.API\InventoryMg.API.csproj", "{B0223C32-67B7-4E6C-BB38-EA1F9D2DC22B}"
EndProject
Project("{9A19103F-16F7-4668-BE54-9A1E7A4F7556}") = "InventoryMg.BLL", "InventoryMg.BLL\InventoryMg.BLL.csproj", "{59711A06-FBF9-411C-AE13-D1775DEF75FE}"
EndProject
Project("{9A19103F-16F7-4668-BE54-9A1E7A4F7556}") = "InventoryMg.DAL", "InventoryMg.DAL\InventoryMg.DAL.csproj", "{BDFD31AE-1A7B-4075-811E-13136110B1D3}"
EndProject
Global
	GlobalSection(SolutionConfigurationPlatforms) = preSolution
		Debug|Any CPU = Debug|Any CPU
		Release|Any CPU = Release|Any CPU
	EndGlobalSection
	GlobalSection(ProjectConfigurationPlatforms) = postSolution
		{B0223C32-67B7-4E6C-BB38-EA1F9D2DC22B}.Debug|Any CPU.ActiveCfg = Debug|Any CPU
		{B0223C32-67B7-4E6C-BB38-EA1F9D2DC22B}.Debug|Any CPU.Build.0 = Debug|Any CPU
		{B0223C32-67B7-4E6C-BB38-EA1F9D2DC22B}.Release|Any CPU.ActiveCfg = Release|Any CPU
		{B0223C32-67B7-4E6C-BB38-EA1F9D2DC22B}.Release|Any CPU.Build.0 = Release|Any CPU
		{59711A06-FBF9-411C-AE13-D1775DEF75FE}.Debug|Any CPU.ActiveCfg = Debug|Any CPU
		{59711A06-FBF9-411C-AE13-D1775DEF75FE}.Debug|Any CPU.Build.0 = Debug|Any CPU
		{59711A06-FBF9-411C-AE13-D1775DEF75FE}.Release|Any CPU.ActiveCfg = Release|Any CPU
		{59711A06-FBF9-411C-AE13-D1775DEF75FE}.Release|Any CPU.Build.0 = Release|Any CPU
		{BDFD31AE-1A7B-4075-811E-13136110B1D3}.Debug|Any CPU.ActiveCfg = Debug|Any CPU
		{BDFD31AE-1A7B-4075-811E-13136110B1D3}.Debug|Any CPU.Build.0 = Debug|Any CPU
		{BDFD31AE-1A7B-4075-811E-13136110B1D3}.Release|Any CPU.ActiveCfg = Release|Any CPU
		{BDFD31AE-1A7B-4075-811E-13136110B1D3}.Release|Any CPU.Build.0 = Release|Any CPU
	EndGlobalSection
	GlobalSection(SolutionProperties) = preSolution
		HideSolutionNode = FALSE
	EndGlobalSection
	GlobalSection(ExtensibilityGlobals) = postSolution
		SolutionGuid = {30CEEDC0-05EE-4049-99B7-3A309BD3181A}
	EndGlobalSection
EndGlobal
